
Microsoft Visual Studio Solution File, Format Version 12.00
# Visual Studio 15
VisualStudioVersion = 15.0.26430.16
MinimumVisualStudioVersion = 10.0.40219.1
Project("{FAE04EC0-301F-11D3-BF4B-00C04F79EFBC}") = "Zen.Android", "Zen\Zen.Android\Zen.Android.csproj", "{2BFCDC0B-6E9F-4299-BE75-556BBCFD27FB}"
EndProject
Project("{FAE04EC0-301F-11D3-BF4B-00C04F79EFBC}") = "Zen", "Zen\Zen\Zen.csproj", "{4C1060E0-F73F-4CD2-AF09-A8124CCB37BA}"
EndProject
Project("{FAE04EC0-301F-11D3-BF4B-00C04F79EFBC}") = "Zen.UWP", "Zen\Zen.UWP\Zen.UWP.csproj", "{3F905010-E5DA-4817-B2E8-593103100543}"
EndProject
Project("{FAE04EC0-301F-11D3-BF4B-00C04F79EFBC}") = "Zen.iOS", "Zen\Zen.iOS\Zen.iOS.csproj", "{6BFA6C88-C0A9-4B78-93F7-B877B00845C2}"
EndProject
Global
	GlobalSection(SolutionConfigurationPlatforms) = preSolution
		Ad-Hoc|Any CPU = Ad-Hoc|Any CPU
		Ad-Hoc|ARM = Ad-Hoc|ARM
		Ad-Hoc|iPhone = Ad-Hoc|iPhone
		Ad-Hoc|iPhoneSimulator = Ad-Hoc|iPhoneSimulator
		Ad-Hoc|x64 = Ad-Hoc|x64
		Ad-Hoc|x86 = Ad-Hoc|x86
		AppStore|Any CPU = AppStore|Any CPU
		AppStore|ARM = AppStore|ARM
		AppStore|iPhone = AppStore|iPhone
		AppStore|iPhoneSimulator = AppStore|iPhoneSimulator
		AppStore|x64 = AppStore|x64
		AppStore|x86 = AppStore|x86
		Debug|Any CPU = Debug|Any CPU
		Debug|ARM = Debug|ARM
		Debug|iPhone = Debug|iPhone
		Debug|iPhoneSimulator = Debug|iPhoneSimulator
		Debug|x64 = Debug|x64
		Debug|x86 = Debug|x86
		MacInCloud|Any CPU = MacInCloud|Any CPU
		MacInCloud|ARM = MacInCloud|ARM
		MacInCloud|iPhone = MacInCloud|iPhone
		MacInCloud|iPhoneSimulator = MacInCloud|iPhoneSimulator
		MacInCloud|x64 = MacInCloud|x64
		MacInCloud|x86 = MacInCloud|x86
		Release|Any CPU = Release|Any CPU
		Release|ARM = Release|ARM
		Release|iPhone = Release|iPhone
		Release|iPhoneSimulator = Release|iPhoneSimulator
		Release|x64 = Release|x64
		Release|x86 = Release|x86
	EndGlobalSection
	GlobalSection(ProjectConfigurationPlatforms) = postSolution
		{2BFCDC0B-6E9F-4299-BE75-556BBCFD27FB}.Ad-Hoc|Any CPU.ActiveCfg = Release|Any CPU
		{2BFCDC0B-6E9F-4299-BE75-556BBCFD27FB}.Ad-Hoc|Any CPU.Build.0 = Release|Any CPU
		{2BFCDC0B-6E9F-4299-BE75-556BBCFD27FB}.Ad-Hoc|Any CPU.Deploy.0 = Release|Any CPU
		{2BFCDC0B-6E9F-4299-BE75-556BBCFD27FB}.Ad-Hoc|ARM.ActiveCfg = Release|Any CPU
		{2BFCDC0B-6E9F-4299-BE75-556BBCFD27FB}.Ad-Hoc|ARM.Build.0 = Release|Any CPU
		{2BFCDC0B-6E9F-4299-BE75-556BBCFD27FB}.Ad-Hoc|ARM.Deploy.0 = Release|Any CPU
		{2BFCDC0B-6E9F-4299-BE75-556BBCFD27FB}.Ad-Hoc|iPhone.ActiveCfg = Release|Any CPU
		{2BFCDC0B-6E9F-4299-BE75-556BBCFD27FB}.Ad-Hoc|iPhone.Build.0 = Release|Any CPU
		{2BFCDC0B-6E9F-4299-BE75-556BBCFD27FB}.Ad-Hoc|iPhone.Deploy.0 = Release|Any CPU
		{2BFCDC0B-6E9F-4299-BE75-556BBCFD27FB}.Ad-Hoc|iPhoneSimulator.ActiveCfg = Release|Any CPU
		{2BFCDC0B-6E9F-4299-BE75-556BBCFD27FB}.Ad-Hoc|iPhoneSimulator.Build.0 = Release|Any CPU
		{2BFCDC0B-6E9F-4299-BE75-556BBCFD27FB}.Ad-Hoc|iPhoneSimulator.Deploy.0 = Release|Any CPU
		{2BFCDC0B-6E9F-4299-BE75-556BBCFD27FB}.Ad-Hoc|x64.ActiveCfg = Release|Any CPU
		{2BFCDC0B-6E9F-4299-BE75-556BBCFD27FB}.Ad-Hoc|x64.Build.0 = Release|Any CPU
		{2BFCDC0B-6E9F-4299-BE75-556BBCFD27FB}.Ad-Hoc|x64.Deploy.0 = Release|Any CPU
		{2BFCDC0B-6E9F-4299-BE75-556BBCFD27FB}.Ad-Hoc|x86.ActiveCfg = Release|Any CPU
		{2BFCDC0B-6E9F-4299-BE75-556BBCFD27FB}.Ad-Hoc|x86.Build.0 = Release|Any CPU
		{2BFCDC0B-6E9F-4299-BE75-556BBCFD27FB}.Ad-Hoc|x86.Deploy.0 = Release|Any CPU
		{2BFCDC0B-6E9F-4299-BE75-556BBCFD27FB}.AppStore|Any CPU.ActiveCfg = Release|Any CPU
		{2BFCDC0B-6E9F-4299-BE75-556BBCFD27FB}.AppStore|Any CPU.Build.0 = Release|Any CPU
		{2BFCDC0B-6E9F-4299-BE75-556BBCFD27FB}.AppStore|Any CPU.Deploy.0 = Release|Any CPU
		{2BFCDC0B-6E9F-4299-BE75-556BBCFD27FB}.AppStore|ARM.ActiveCfg = Release|Any CPU
		{2BFCDC0B-6E9F-4299-BE75-556BBCFD27FB}.AppStore|ARM.Build.0 = Release|Any CPU
		{2BFCDC0B-6E9F-4299-BE75-556BBCFD27FB}.AppStore|ARM.Deploy.0 = Release|Any CPU
		{2BFCDC0B-6E9F-4299-BE75-556BBCFD27FB}.AppStore|iPhone.ActiveCfg = Release|Any CPU
		{2BFCDC0B-6E9F-4299-BE75-556BBCFD27FB}.AppStore|iPhone.Build.0 = Release|Any CPU
		{2BFCDC0B-6E9F-4299-BE75-556BBCFD27FB}.AppStore|iPhone.Deploy.0 = Release|Any CPU
		{2BFCDC0B-6E9F-4299-BE75-556BBCFD27FB}.AppStore|iPhoneSimulator.ActiveCfg = Release|Any CPU
		{2BFCDC0B-6E9F-4299-BE75-556BBCFD27FB}.AppStore|iPhoneSimulator.Build.0 = Release|Any CPU
		{2BFCDC0B-6E9F-4299-BE75-556BBCFD27FB}.AppStore|iPhoneSimulator.Deploy.0 = Release|Any CPU
		{2BFCDC0B-6E9F-4299-BE75-556BBCFD27FB}.AppStore|x64.ActiveCfg = Release|Any CPU
		{2BFCDC0B-6E9F-4299-BE75-556BBCFD27FB}.AppStore|x64.Build.0 = Release|Any CPU
		{2BFCDC0B-6E9F-4299-BE75-556BBCFD27FB}.AppStore|x64.Deploy.0 = Release|Any CPU
		{2BFCDC0B-6E9F-4299-BE75-556BBCFD27FB}.AppStore|x86.ActiveCfg = Release|Any CPU
		{2BFCDC0B-6E9F-4299-BE75-556BBCFD27FB}.AppStore|x86.Build.0 = Release|Any CPU
		{2BFCDC0B-6E9F-4299-BE75-556BBCFD27FB}.AppStore|x86.Deploy.0 = Release|Any CPU
		{2BFCDC0B-6E9F-4299-BE75-556BBCFD27FB}.Debug|Any CPU.ActiveCfg = Debug|Any CPU
		{2BFCDC0B-6E9F-4299-BE75-556BBCFD27FB}.Debug|Any CPU.Build.0 = Debug|Any CPU
		{2BFCDC0B-6E9F-4299-BE75-556BBCFD27FB}.Debug|Any CPU.Deploy.0 = Debug|Any CPU
		{2BFCDC0B-6E9F-4299-BE75-556BBCFD27FB}.Debug|ARM.ActiveCfg = Debug|Any CPU
		{2BFCDC0B-6E9F-4299-BE75-556BBCFD27FB}.Debug|ARM.Build.0 = Debug|Any CPU
		{2BFCDC0B-6E9F-4299-BE75-556BBCFD27FB}.Debug|ARM.Deploy.0 = Debug|Any CPU
		{2BFCDC0B-6E9F-4299-BE75-556BBCFD27FB}.Debug|iPhone.ActiveCfg = Debug|Any CPU
		{2BFCDC0B-6E9F-4299-BE75-556BBCFD27FB}.Debug|iPhone.Build.0 = Debug|Any CPU
		{2BFCDC0B-6E9F-4299-BE75-556BBCFD27FB}.Debug|iPhone.Deploy.0 = Debug|Any CPU
		{2BFCDC0B-6E9F-4299-BE75-556BBCFD27FB}.Debug|iPhoneSimulator.ActiveCfg = Debug|Any CPU
		{2BFCDC0B-6E9F-4299-BE75-556BBCFD27FB}.Debug|iPhoneSimulator.Build.0 = Debug|Any CPU
		{2BFCDC0B-6E9F-4299-BE75-556BBCFD27FB}.Debug|iPhoneSimulator.Deploy.0 = Debug|Any CPU
		{2BFCDC0B-6E9F-4299-BE75-556BBCFD27FB}.Debug|x64.ActiveCfg = Debug|Any CPU
		{2BFCDC0B-6E9F-4299-BE75-556BBCFD27FB}.Debug|x64.Build.0 = Debug|Any CPU
		{2BFCDC0B-6E9F-4299-BE75-556BBCFD27FB}.Debug|x64.Deploy.0 = Debug|Any CPU
		{2BFCDC0B-6E9F-4299-BE75-556BBCFD27FB}.Debug|x86.ActiveCfg = Debug|Any CPU
		{2BFCDC0B-6E9F-4299-BE75-556BBCFD27FB}.Debug|x86.Build.0 = Debug|Any CPU
		{2BFCDC0B-6E9F-4299-BE75-556BBCFD27FB}.Debug|x86.Deploy.0 = Debug|Any CPU
		{2BFCDC0B-6E9F-4299-BE75-556BBCFD27FB}.MacInCloud|Any CPU.ActiveCfg = MacInCloud|Any CPU
		{2BFCDC0B-6E9F-4299-BE75-556BBCFD27FB}.MacInCloud|Any CPU.Build.0 = MacInCloud|Any CPU
		{2BFCDC0B-6E9F-4299-BE75-556BBCFD27FB}.MacInCloud|Any CPU.Deploy.0 = MacInCloud|Any CPU
		{2BFCDC0B-6E9F-4299-BE75-556BBCFD27FB}.MacInCloud|ARM.ActiveCfg = MacInCloud|Any CPU
		{2BFCDC0B-6E9F-4299-BE75-556BBCFD27FB}.MacInCloud|ARM.Build.0 = MacInCloud|Any CPU
		{2BFCDC0B-6E9F-4299-BE75-556BBCFD27FB}.MacInCloud|ARM.Deploy.0 = MacInCloud|Any CPU
		{2BFCDC0B-6E9F-4299-BE75-556BBCFD27FB}.MacInCloud|iPhone.ActiveCfg = MacInCloud|Any CPU
		{2BFCDC0B-6E9F-4299-BE75-556BBCFD27FB}.MacInCloud|iPhone.Build.0 = MacInCloud|Any CPU
		{2BFCDC0B-6E9F-4299-BE75-556BBCFD27FB}.MacInCloud|iPhone.Deploy.0 = MacInCloud|Any CPU
		{2BFCDC0B-6E9F-4299-BE75-556BBCFD27FB}.MacInCloud|iPhoneSimulator.ActiveCfg = MacInCloud|Any CPU
		{2BFCDC0B-6E9F-4299-BE75-556BBCFD27FB}.MacInCloud|iPhoneSimulator.Build.0 = MacInCloud|Any CPU
		{2BFCDC0B-6E9F-4299-BE75-556BBCFD27FB}.MacInCloud|iPhoneSimulator.Deploy.0 = MacInCloud|Any CPU
		{2BFCDC0B-6E9F-4299-BE75-556BBCFD27FB}.MacInCloud|x64.ActiveCfg = MacInCloud|Any CPU
		{2BFCDC0B-6E9F-4299-BE75-556BBCFD27FB}.MacInCloud|x64.Build.0 = MacInCloud|Any CPU
		{2BFCDC0B-6E9F-4299-BE75-556BBCFD27FB}.MacInCloud|x64.Deploy.0 = MacInCloud|Any CPU
		{2BFCDC0B-6E9F-4299-BE75-556BBCFD27FB}.MacInCloud|x86.ActiveCfg = MacInCloud|Any CPU
		{2BFCDC0B-6E9F-4299-BE75-556BBCFD27FB}.MacInCloud|x86.Build.0 = MacInCloud|Any CPU
		{2BFCDC0B-6E9F-4299-BE75-556BBCFD27FB}.MacInCloud|x86.Deploy.0 = MacInCloud|Any CPU
		{2BFCDC0B-6E9F-4299-BE75-556BBCFD27FB}.Release|Any CPU.ActiveCfg = Release|Any CPU
		{2BFCDC0B-6E9F-4299-BE75-556BBCFD27FB}.Release|Any CPU.Build.0 = Release|Any CPU
		{2BFCDC0B-6E9F-4299-BE75-556BBCFD27FB}.Release|Any CPU.Deploy.0 = Release|Any CPU
		{2BFCDC0B-6E9F-4299-BE75-556BBCFD27FB}.Release|ARM.ActiveCfg = Release|Any CPU
		{2BFCDC0B-6E9F-4299-BE75-556BBCFD27FB}.Release|ARM.Build.0 = Release|Any CPU
		{2BFCDC0B-6E9F-4299-BE75-556BBCFD27FB}.Release|ARM.Deploy.0 = Release|Any CPU
		{2BFCDC0B-6E9F-4299-BE75-556BBCFD27FB}.Release|iPhone.ActiveCfg = Release|Any CPU
		{2BFCDC0B-6E9F-4299-BE75-556BBCFD27FB}.Release|iPhone.Build.0 = Release|Any CPU
		{2BFCDC0B-6E9F-4299-BE75-556BBCFD27FB}.Release|iPhone.Deploy.0 = Release|Any CPU
		{2BFCDC0B-6E9F-4299-BE75-556BBCFD27FB}.Release|iPhoneSimulator.ActiveCfg = Release|Any CPU
		{2BFCDC0B-6E9F-4299-BE75-556BBCFD27FB}.Release|iPhoneSimulator.Build.0 = Release|Any CPU
		{2BFCDC0B-6E9F-4299-BE75-556BBCFD27FB}.Release|iPhoneSimulator.Deploy.0 = Release|Any CPU
		{2BFCDC0B-6E9F-4299-BE75-556BBCFD27FB}.Release|x64.ActiveCfg = Release|Any CPU
		{2BFCDC0B-6E9F-4299-BE75-556BBCFD27FB}.Release|x64.Build.0 = Release|Any CPU
		{2BFCDC0B-6E9F-4299-BE75-556BBCFD27FB}.Release|x64.Deploy.0 = Release|Any CPU
		{2BFCDC0B-6E9F-4299-BE75-556BBCFD27FB}.Release|x86.ActiveCfg = Release|Any CPU
		{2BFCDC0B-6E9F-4299-BE75-556BBCFD27FB}.Release|x86.Build.0 = Release|Any CPU
		{2BFCDC0B-6E9F-4299-BE75-556BBCFD27FB}.Release|x86.Deploy.0 = Release|Any CPU
		{4C1060E0-F73F-4CD2-AF09-A8124CCB37BA}.Ad-Hoc|Any CPU.ActiveCfg = Release|Any CPU
		{4C1060E0-F73F-4CD2-AF09-A8124CCB37BA}.Ad-Hoc|Any CPU.Build.0 = Release|Any CPU
		{4C1060E0-F73F-4CD2-AF09-A8124CCB37BA}.Ad-Hoc|ARM.ActiveCfg = Release|Any CPU
		{4C1060E0-F73F-4CD2-AF09-A8124CCB37BA}.Ad-Hoc|ARM.Build.0 = Release|Any CPU
		{4C1060E0-F73F-4CD2-AF09-A8124CCB37BA}.Ad-Hoc|iPhone.ActiveCfg = Release|Any CPU
		{4C1060E0-F73F-4CD2-AF09-A8124CCB37BA}.Ad-Hoc|iPhone.Build.0 = Release|Any CPU
		{4C1060E0-F73F-4CD2-AF09-A8124CCB37BA}.Ad-Hoc|iPhoneSimulator.ActiveCfg = Release|Any CPU
		{4C1060E0-F73F-4CD2-AF09-A8124CCB37BA}.Ad-Hoc|iPhoneSimulator.Build.0 = Release|Any CPU
		{4C1060E0-F73F-4CD2-AF09-A8124CCB37BA}.Ad-Hoc|x64.ActiveCfg = Release|Any CPU
		{4C1060E0-F73F-4CD2-AF09-A8124CCB37BA}.Ad-Hoc|x64.Build.0 = Release|Any CPU
		{4C1060E0-F73F-4CD2-AF09-A8124CCB37BA}.Ad-Hoc|x86.ActiveCfg = Release|Any CPU
		{4C1060E0-F73F-4CD2-AF09-A8124CCB37BA}.Ad-Hoc|x86.Build.0 = Release|Any CPU
		{4C1060E0-F73F-4CD2-AF09-A8124CCB37BA}.AppStore|Any CPU.ActiveCfg = Release|Any CPU
		{4C1060E0-F73F-4CD2-AF09-A8124CCB37BA}.AppStore|Any CPU.Build.0 = Release|Any CPU
		{4C1060E0-F73F-4CD2-AF09-A8124CCB37BA}.AppStore|ARM.ActiveCfg = Release|Any CPU
		{4C1060E0-F73F-4CD2-AF09-A8124CCB37BA}.AppStore|ARM.Build.0 = Release|Any CPU
		{4C1060E0-F73F-4CD2-AF09-A8124CCB37BA}.AppStore|iPhone.ActiveCfg = Release|Any CPU
		{4C1060E0-F73F-4CD2-AF09-A8124CCB37BA}.AppStore|iPhone.Build.0 = Release|Any CPU
		{4C1060E0-F73F-4CD2-AF09-A8124CCB37BA}.AppStore|iPhoneSimulator.ActiveCfg = Release|Any CPU
		{4C1060E0-F73F-4CD2-AF09-A8124CCB37BA}.AppStore|iPhoneSimulator.Build.0 = Release|Any CPU
		{4C1060E0-F73F-4CD2-AF09-A8124CCB37BA}.AppStore|x64.ActiveCfg = Release|Any CPU
		{4C1060E0-F73F-4CD2-AF09-A8124CCB37BA}.AppStore|x64.Build.0 = Release|Any CPU
		{4C1060E0-F73F-4CD2-AF09-A8124CCB37BA}.AppStore|x86.ActiveCfg = Release|Any CPU
		{4C1060E0-F73F-4CD2-AF09-A8124CCB37BA}.AppStore|x86.Build.0 = Release|Any CPU
		{4C1060E0-F73F-4CD2-AF09-A8124CCB37BA}.Debug|Any CPU.ActiveCfg = Debug|Any CPU
		{4C1060E0-F73F-4CD2-AF09-A8124CCB37BA}.Debug|Any CPU.Build.0 = Debug|Any CPU
		{4C1060E0-F73F-4CD2-AF09-A8124CCB37BA}.Debug|ARM.ActiveCfg = Debug|Any CPU
		{4C1060E0-F73F-4CD2-AF09-A8124CCB37BA}.Debug|ARM.Build.0 = Debug|Any CPU
		{4C1060E0-F73F-4CD2-AF09-A8124CCB37BA}.Debug|iPhone.ActiveCfg = Debug|Any CPU
		{4C1060E0-F73F-4CD2-AF09-A8124CCB37BA}.Debug|iPhone.Build.0 = Debug|Any CPU
		{4C1060E0-F73F-4CD2-AF09-A8124CCB37BA}.Debug|iPhoneSimulator.ActiveCfg = Debug|Any CPU
		{4C1060E0-F73F-4CD2-AF09-A8124CCB37BA}.Debug|iPhoneSimulator.Build.0 = Debug|Any CPU
		{4C1060E0-F73F-4CD2-AF09-A8124CCB37BA}.Debug|x64.ActiveCfg = Debug|Any CPU
		{4C1060E0-F73F-4CD2-AF09-A8124CCB37BA}.Debug|x64.Build.0 = Debug|Any CPU
		{4C1060E0-F73F-4CD2-AF09-A8124CCB37BA}.Debug|x86.ActiveCfg = Debug|Any CPU
		{4C1060E0-F73F-4CD2-AF09-A8124CCB37BA}.Debug|x86.Build.0 = Debug|Any CPU
		{4C1060E0-F73F-4CD2-AF09-A8124CCB37BA}.MacInCloud|Any CPU.ActiveCfg = MacInCloud|Any CPU
		{4C1060E0-F73F-4CD2-AF09-A8124CCB37BA}.MacInCloud|Any CPU.Build.0 = MacInCloud|Any CPU
		{4C1060E0-F73F-4CD2-AF09-A8124CCB37BA}.MacInCloud|ARM.ActiveCfg = MacInCloud|Any CPU
		{4C1060E0-F73F-4CD2-AF09-A8124CCB37BA}.MacInCloud|ARM.Build.0 = MacInCloud|Any CPU
		{4C1060E0-F73F-4CD2-AF09-A8124CCB37BA}.MacInCloud|iPhone.ActiveCfg = MacInCloud|Any CPU
		{4C1060E0-F73F-4CD2-AF09-A8124CCB37BA}.MacInCloud|iPhone.Build.0 = MacInCloud|Any CPU
		{4C1060E0-F73F-4CD2-AF09-A8124CCB37BA}.MacInCloud|iPhoneSimulator.ActiveCfg = MacInCloud|Any CPU
		{4C1060E0-F73F-4CD2-AF09-A8124CCB37BA}.MacInCloud|iPhoneSimulator.Build.0 = MacInCloud|Any CPU
		{4C1060E0-F73F-4CD2-AF09-A8124CCB37BA}.MacInCloud|x64.ActiveCfg = MacInCloud|Any CPU
		{4C1060E0-F73F-4CD2-AF09-A8124CCB37BA}.MacInCloud|x64.Build.0 = MacInCloud|Any CPU
		{4C1060E0-F73F-4CD2-AF09-A8124CCB37BA}.MacInCloud|x86.ActiveCfg = MacInCloud|Any CPU
		{4C1060E0-F73F-4CD2-AF09-A8124CCB37BA}.MacInCloud|x86.Build.0 = MacInCloud|Any CPU
		{4C1060E0-F73F-4CD2-AF09-A8124CCB37BA}.Release|Any CPU.ActiveCfg = Release|Any CPU
		{4C1060E0-F73F-4CD2-AF09-A8124CCB37BA}.Release|Any CPU.Build.0 = Release|Any CPU
		{4C1060E0-F73F-4CD2-AF09-A8124CCB37BA}.Release|ARM.ActiveCfg = Release|Any CPU
		{4C1060E0-F73F-4CD2-AF09-A8124CCB37BA}.Release|ARM.Build.0 = Release|Any CPU
		{4C1060E0-F73F-4CD2-AF09-A8124CCB37BA}.Release|iPhone.ActiveCfg = Release|Any CPU
		{4C1060E0-F73F-4CD2-AF09-A8124CCB37BA}.Release|iPhone.Build.0 = Release|Any CPU
		{4C1060E0-F73F-4CD2-AF09-A8124CCB37BA}.Release|iPhoneSimulator.ActiveCfg = Release|Any CPU
		{4C1060E0-F73F-4CD2-AF09-A8124CCB37BA}.Release|iPhoneSimulator.Build.0 = Release|Any CPU
		{4C1060E0-F73F-4CD2-AF09-A8124CCB37BA}.Release|x64.ActiveCfg = Release|Any CPU
		{4C1060E0-F73F-4CD2-AF09-A8124CCB37BA}.Release|x64.Build.0 = Release|Any CPU
		{4C1060E0-F73F-4CD2-AF09-A8124CCB37BA}.Release|x86.ActiveCfg = Release|Any CPU
		{4C1060E0-F73F-4CD2-AF09-A8124CCB37BA}.Release|x86.Build.0 = Release|Any CPU
		{3F905010-E5DA-4817-B2E8-593103100543}.Ad-Hoc|Any CPU.ActiveCfg = Release|x86
		{3F905010-E5DA-4817-B2E8-593103100543}.Ad-Hoc|Any CPU.Build.0 = Release|x86
		{3F905010-E5DA-4817-B2E8-593103100543}.Ad-Hoc|Any CPU.Deploy.0 = Release|x86
		{3F905010-E5DA-4817-B2E8-593103100543}.Ad-Hoc|ARM.ActiveCfg = Release|ARM
		{3F905010-E5DA-4817-B2E8-593103100543}.Ad-Hoc|ARM.Build.0 = Release|ARM
		{3F905010-E5DA-4817-B2E8-593103100543}.Ad-Hoc|ARM.Deploy.0 = Release|ARM
		{3F905010-E5DA-4817-B2E8-593103100543}.Ad-Hoc|iPhone.ActiveCfg = Release|x86
		{3F905010-E5DA-4817-B2E8-593103100543}.Ad-Hoc|iPhone.Build.0 = Release|x86
		{3F905010-E5DA-4817-B2E8-593103100543}.Ad-Hoc|iPhone.Deploy.0 = Release|x86
		{3F905010-E5DA-4817-B2E8-593103100543}.Ad-Hoc|iPhoneSimulator.ActiveCfg = Release|x86
		{3F905010-E5DA-4817-B2E8-593103100543}.Ad-Hoc|iPhoneSimulator.Build.0 = Release|x86
		{3F905010-E5DA-4817-B2E8-593103100543}.Ad-Hoc|iPhoneSimulator.Deploy.0 = Release|x86
		{3F905010-E5DA-4817-B2E8-593103100543}.Ad-Hoc|x64.ActiveCfg = Release|x64
		{3F905010-E5DA-4817-B2E8-593103100543}.Ad-Hoc|x64.Build.0 = Release|x64
		{3F905010-E5DA-4817-B2E8-593103100543}.Ad-Hoc|x64.Deploy.0 = Release|x64
		{3F905010-E5DA-4817-B2E8-593103100543}.Ad-Hoc|x86.ActiveCfg = Release|x86
		{3F905010-E5DA-4817-B2E8-593103100543}.Ad-Hoc|x86.Build.0 = Release|x86
		{3F905010-E5DA-4817-B2E8-593103100543}.Ad-Hoc|x86.Deploy.0 = Release|x86
		{3F905010-E5DA-4817-B2E8-593103100543}.AppStore|Any CPU.ActiveCfg = Release|x86
		{3F905010-E5DA-4817-B2E8-593103100543}.AppStore|Any CPU.Build.0 = Release|x86
		{3F905010-E5DA-4817-B2E8-593103100543}.AppStore|Any CPU.Deploy.0 = Release|x86
		{3F905010-E5DA-4817-B2E8-593103100543}.AppStore|ARM.ActiveCfg = Release|ARM
		{3F905010-E5DA-4817-B2E8-593103100543}.AppStore|ARM.Build.0 = Release|ARM
		{3F905010-E5DA-4817-B2E8-593103100543}.AppStore|ARM.Deploy.0 = Release|ARM
		{3F905010-E5DA-4817-B2E8-593103100543}.AppStore|iPhone.ActiveCfg = Release|x86
		{3F905010-E5DA-4817-B2E8-593103100543}.AppStore|iPhone.Build.0 = Release|x86
		{3F905010-E5DA-4817-B2E8-593103100543}.AppStore|iPhone.Deploy.0 = Release|x86
		{3F905010-E5DA-4817-B2E8-593103100543}.AppStore|iPhoneSimulator.ActiveCfg = Release|x86
		{3F905010-E5DA-4817-B2E8-593103100543}.AppStore|iPhoneSimulator.Build.0 = Release|x86
		{3F905010-E5DA-4817-B2E8-593103100543}.AppStore|iPhoneSimulator.Deploy.0 = Release|x86
		{3F905010-E5DA-4817-B2E8-593103100543}.AppStore|x64.ActiveCfg = Release|x64
		{3F905010-E5DA-4817-B2E8-593103100543}.AppStore|x64.Build.0 = Release|x64
		{3F905010-E5DA-4817-B2E8-593103100543}.AppStore|x64.Deploy.0 = Release|x64
		{3F905010-E5DA-4817-B2E8-593103100543}.AppStore|x86.ActiveCfg = Release|x86
		{3F905010-E5DA-4817-B2E8-593103100543}.AppStore|x86.Build.0 = Release|x86
		{3F905010-E5DA-4817-B2E8-593103100543}.AppStore|x86.Deploy.0 = Release|x86
		{3F905010-E5DA-4817-B2E8-593103100543}.Debug|Any CPU.ActiveCfg = Debug|x86
		{3F905010-E5DA-4817-B2E8-593103100543}.Debug|ARM.ActiveCfg = Debug|ARM
		{3F905010-E5DA-4817-B2E8-593103100543}.Debug|ARM.Build.0 = Debug|ARM
		{3F905010-E5DA-4817-B2E8-593103100543}.Debug|ARM.Deploy.0 = Debug|ARM
		{3F905010-E5DA-4817-B2E8-593103100543}.Debug|iPhone.ActiveCfg = Debug|x86
		{3F905010-E5DA-4817-B2E8-593103100543}.Debug|iPhoneSimulator.ActiveCfg = Debug|x86
		{3F905010-E5DA-4817-B2E8-593103100543}.Debug|x64.ActiveCfg = Debug|x64
		{3F905010-E5DA-4817-B2E8-593103100543}.Debug|x64.Build.0 = Debug|x64
		{3F905010-E5DA-4817-B2E8-593103100543}.Debug|x64.Deploy.0 = Debug|x64
		{3F905010-E5DA-4817-B2E8-593103100543}.Debug|x86.ActiveCfg = Debug|x86
		{3F905010-E5DA-4817-B2E8-593103100543}.Debug|x86.Build.0 = Debug|x86
		{3F905010-E5DA-4817-B2E8-593103100543}.Debug|x86.Deploy.0 = Debug|x86
		{3F905010-E5DA-4817-B2E8-593103100543}.MacInCloud|Any CPU.ActiveCfg = MacInCloud|x86
		{3F905010-E5DA-4817-B2E8-593103100543}.MacInCloud|ARM.ActiveCfg = MacInCloud|ARM
		{3F905010-E5DA-4817-B2E8-593103100543}.MacInCloud|ARM.Build.0 = MacInCloud|ARM
		{3F905010-E5DA-4817-B2E8-593103100543}.MacInCloud|ARM.Deploy.0 = MacInCloud|ARM
		{3F905010-E5DA-4817-B2E8-593103100543}.MacInCloud|iPhone.ActiveCfg = MacInCloud|x86
		{3F905010-E5DA-4817-B2E8-593103100543}.MacInCloud|iPhoneSimulator.ActiveCfg = MacInCloud|x86
		{3F905010-E5DA-4817-B2E8-593103100543}.MacInCloud|x64.ActiveCfg = MacInCloud|x64
		{3F905010-E5DA-4817-B2E8-593103100543}.MacInCloud|x64.Build.0 = MacInCloud|x64
		{3F905010-E5DA-4817-B2E8-593103100543}.MacInCloud|x64.Deploy.0 = MacInCloud|x64
		{3F905010-E5DA-4817-B2E8-593103100543}.MacInCloud|x86.ActiveCfg = MacInCloud|x86
		{3F905010-E5DA-4817-B2E8-593103100543}.MacInCloud|x86.Build.0 = MacInCloud|x86
		{3F905010-E5DA-4817-B2E8-593103100543}.MacInCloud|x86.Deploy.0 = MacInCloud|x86
		{3F905010-E5DA-4817-B2E8-593103100543}.Release|Any CPU.ActiveCfg = Release|x86
		{3F905010-E5DA-4817-B2E8-593103100543}.Release|ARM.ActiveCfg = Release|ARM
		{3F905010-E5DA-4817-B2E8-593103100543}.Release|ARM.Build.0 = Release|ARM
		{3F905010-E5DA-4817-B2E8-593103100543}.Release|ARM.Deploy.0 = Release|ARM
		{3F905010-E5DA-4817-B2E8-593103100543}.Release|iPhone.ActiveCfg = Release|x86
		{3F905010-E5DA-4817-B2E8-593103100543}.Release|iPhoneSimulator.ActiveCfg = Release|x86
		{3F905010-E5DA-4817-B2E8-593103100543}.Release|x64.ActiveCfg = Release|x64
		{3F905010-E5DA-4817-B2E8-593103100543}.Release|x64.Build.0 = Release|x64
		{3F905010-E5DA-4817-B2E8-593103100543}.Release|x64.Deploy.0 = Release|x64
		{3F905010-E5DA-4817-B2E8-593103100543}.Release|x86.ActiveCfg = Release|x86
		{3F905010-E5DA-4817-B2E8-593103100543}.Release|x86.Build.0 = Release|x86
		{3F905010-E5DA-4817-B2E8-593103100543}.Release|x86.Deploy.0 = Release|x86
		{6BFA6C88-C0A9-4B78-93F7-B877B00845C2}.Ad-Hoc|Any CPU.ActiveCfg = Ad-Hoc|iPhone
		{6BFA6C88-C0A9-4B78-93F7-B877B00845C2}.Ad-Hoc|ARM.ActiveCfg = Ad-Hoc|iPhone
		{6BFA6C88-C0A9-4B78-93F7-B877B00845C2}.Ad-Hoc|iPhone.ActiveCfg = Ad-Hoc|iPhone
		{6BFA6C88-C0A9-4B78-93F7-B877B00845C2}.Ad-Hoc|iPhone.Build.0 = Ad-Hoc|iPhone
		{6BFA6C88-C0A9-4B78-93F7-B877B00845C2}.Ad-Hoc|iPhoneSimulator.ActiveCfg = Ad-Hoc|iPhoneSimulator
		{6BFA6C88-C0A9-4B78-93F7-B877B00845C2}.Ad-Hoc|iPhoneSimulator.Build.0 = Ad-Hoc|iPhoneSimulator
		{6BFA6C88-C0A9-4B78-93F7-B877B00845C2}.Ad-Hoc|x64.ActiveCfg = Ad-Hoc|iPhone
		{6BFA6C88-C0A9-4B78-93F7-B877B00845C2}.Ad-Hoc|x86.ActiveCfg = Ad-Hoc|iPhone
		{6BFA6C88-C0A9-4B78-93F7-B877B00845C2}.AppStore|Any CPU.ActiveCfg = AppStore|iPhone
		{6BFA6C88-C0A9-4B78-93F7-B877B00845C2}.AppStore|ARM.ActiveCfg = AppStore|iPhone
		{6BFA6C88-C0A9-4B78-93F7-B877B00845C2}.AppStore|iPhone.ActiveCfg = AppStore|iPhone
		{6BFA6C88-C0A9-4B78-93F7-B877B00845C2}.AppStore|iPhone.Build.0 = AppStore|iPhone
		{6BFA6C88-C0A9-4B78-93F7-B877B00845C2}.AppStore|iPhoneSimulator.ActiveCfg = AppStore|iPhoneSimulator
		{6BFA6C88-C0A9-4B78-93F7-B877B00845C2}.AppStore|iPhoneSimulator.Build.0 = AppStore|iPhoneSimulator
		{6BFA6C88-C0A9-4B78-93F7-B877B00845C2}.AppStore|x64.ActiveCfg = AppStore|iPhone
		{6BFA6C88-C0A9-4B78-93F7-B877B00845C2}.AppStore|x86.ActiveCfg = AppStore|iPhone
		{6BFA6C88-C0A9-4B78-93F7-B877B00845C2}.Debug|Any CPU.ActiveCfg = Debug|iPhone
		{6BFA6C88-C0A9-4B78-93F7-B877B00845C2}.Debug|ARM.ActiveCfg = Debug|iPhone
		{6BFA6C88-C0A9-4B78-93F7-B877B00845C2}.Debug|iPhone.ActiveCfg = Debug|iPhone
		{6BFA6C88-C0A9-4B78-93F7-B877B00845C2}.Debug|iPhone.Build.0 = Debug|iPhone
		{6BFA6C88-C0A9-4B78-93F7-B877B00845C2}.Debug|iPhoneSimulator.ActiveCfg = Debug|iPhoneSimulator
		{6BFA6C88-C0A9-4B78-93F7-B877B00845C2}.Debug|iPhoneSimulator.Build.0 = Debug|iPhoneSimulator
		{6BFA6C88-C0A9-4B78-93F7-B877B00845C2}.Debug|x64.ActiveCfg = Debug|iPhone
		{6BFA6C88-C0A9-4B78-93F7-B877B00845C2}.Debug|x86.ActiveCfg = Debug|iPhone
		{6BFA6C88-C0A9-4B78-93F7-B877B00845C2}.MacInCloud|Any CPU.ActiveCfg = MacInCloud|iPhone
		{6BFA6C88-C0A9-4B78-93F7-B877B00845C2}.MacInCloud|ARM.ActiveCfg = MacInCloud|iPhone
		{6BFA6C88-C0A9-4B78-93F7-B877B00845C2}.MacInCloud|iPhone.ActiveCfg = MacInCloud|iPhone
		{6BFA6C88-C0A9-4B78-93F7-B877B00845C2}.MacInCloud|iPhone.Build.0 = MacInCloud|iPhone
		{6BFA6C88-C0A9-4B78-93F7-B877B00845C2}.MacInCloud|iPhoneSimulator.ActiveCfg = MacInCloud|iPhoneSimulator
		{6BFA6C88-C0A9-4B78-93F7-B877B00845C2}.MacInCloud|iPhoneSimulator.Build.0 = MacInCloud|iPhoneSimulator
		{6BFA6C88-C0A9-4B78-93F7-B877B00845C2}.MacInCloud|x64.ActiveCfg = MacInCloud|iPhone
		{6BFA6C88-C0A9-4B78-93F7-B877B00845C2}.MacInCloud|x86.ActiveCfg = MacInCloud|iPhone
		{6BFA6C88-C0A9-4B78-93F7-B877B00845C2}.Release|Any CPU.ActiveCfg = Release|iPhone
		{6BFA6C88-C0A9-4B78-93F7-B877B00845C2}.Release|ARM.ActiveCfg = Release|iPhone
		{6BFA6C88-C0A9-4B78-93F7-B877B00845C2}.Release|iPhone.ActiveCfg = Release|iPhone
		{6BFA6C88-C0A9-4B78-93F7-B877B00845C2}.Release|iPhone.Build.0 = Release|iPhone
		{6BFA6C88-C0A9-4B78-93F7-B877B00845C2}.Release|iPhoneSimulator.ActiveCfg = Release|iPhoneSimulator
		{6BFA6C88-C0A9-4B78-93F7-B877B00845C2}.Release|iPhoneSimulator.Build.0 = Release|iPhoneSimulator
		{6BFA6C88-C0A9-4B78-93F7-B877B00845C2}.Release|x64.ActiveCfg = Release|iPhone
		{6BFA6C88-C0A9-4B78-93F7-B877B00845C2}.Release|x86.ActiveCfg = Release|iPhone
	EndGlobalSection
	GlobalSection(SolutionProperties) = preSolution
		HideSolutionNode = FALSE
	EndGlobalSection
EndGlobal
